
Microsoft Visual Studio Solution File, Format Version 12.00
# Visual Studio 2012
Project("{D2ABAB84-BF74-430A-B69E-9DC6D40DDA17}") = "Ssas_ProjectFinal", "Ssas_ProjectFinal\Ssas_ProjectFinal.dwproj", "{3BAF0C2E-776F-4C55-818A-F45F9B4A13EA}"
EndProject
Global
	GlobalSection(SolutionConfigurationPlatforms) = preSolution
		Development|Default = Development|Default
	EndGlobalSection
	GlobalSection(ProjectConfigurationPlatforms) = postSolution
		{3BAF0C2E-776F-4C55-818A-F45F9B4A13EA}.Development|Default.ActiveCfg = Development
		{3BAF0C2E-776F-4C55-818A-F45F9B4A13EA}.Development|Default.Build.0 = Development
		{3BAF0C2E-776F-4C55-818A-F45F9B4A13EA}.Development|Default.Deploy.0 = Development
	EndGlobalSection
	GlobalSection(SolutionProperties) = preSolution
		HideSolutionNode = FALSE
	EndGlobalSection
EndGlobal
